
Microsoft Visual Studio Solution File, Format Version 12.00
# Visual Studio 15
VisualStudioVersion = 15.0.27428.2043
MinimumVisualStudioVersion = 10.0.40219.1
Project("{F2A71F9B-5D33-465A-A702-920D77279786}") = "EquationSolverLib", "EquationSolverLib\EquationSolverLib.fsproj", "{AEA8959E-EA1B-4882-BFD9-BCEAB9D78791}"
EndProject
Project("{F2A71F9B-5D33-465A-A702-920D77279786}") = "EquationSolverTestApp", "EquationSolverTestApp\EquationSolverTestApp.fsproj", "{BC0B7ED4-D515-481B-9579-2B82DEFFE9D8}"
EndProject
Global
	GlobalSection(SolutionConfigurationPlatforms) = preSolution
		Debug|Any CPU = Debug|Any CPU
		Release|Any CPU = Release|Any CPU
	EndGlobalSection
	GlobalSection(ProjectConfigurationPlatforms) = postSolution
		{AEA8959E-EA1B-4882-BFD9-BCEAB9D78791}.Debug|Any CPU.ActiveCfg = Debug|Any CPU
		{AEA8959E-EA1B-4882-BFD9-BCEAB9D78791}.Debug|Any CPU.Build.0 = Debug|Any CPU
		{AEA8959E-EA1B-4882-BFD9-BCEAB9D78791}.Release|Any CPU.ActiveCfg = Release|Any CPU
		{AEA8959E-EA1B-4882-BFD9-BCEAB9D78791}.Release|Any CPU.Build.0 = Release|Any CPU
		{BC0B7ED4-D515-481B-9579-2B82DEFFE9D8}.Debug|Any CPU.ActiveCfg = Debug|Any CPU
		{BC0B7ED4-D515-481B-9579-2B82DEFFE9D8}.Debug|Any CPU.Build.0 = Debug|Any CPU
		{BC0B7ED4-D515-481B-9579-2B82DEFFE9D8}.Release|Any CPU.ActiveCfg = Release|Any CPU
		{BC0B7ED4-D515-481B-9579-2B82DEFFE9D8}.Release|Any CPU.Build.0 = Release|Any CPU
	EndGlobalSection
	GlobalSection(SolutionProperties) = preSolution
		HideSolutionNode = FALSE
	EndGlobalSection
	GlobalSection(ExtensibilityGlobals) = postSolution
		SolutionGuid = {ED207AF2-F49C-4933-9EA1-C07CCC3EDFE7}
	EndGlobalSection
EndGlobal
